# This file was autogenerated by Stack.
# You should not edit this file by hand.
# For more information, please see the documentation at:
#   https://docs.haskellstack.org/en/stable/topics/lock_files

packages: []
snapshots:
- completed:
    sha256: 3dec7f4c6dc2dc10047d2941a6bc9ee8fa6a84f6db932096cbd83a0ace83dfa1
    size: 672916
    url: https://raw.githubusercontent.com/commercialhaskell/stackage-snapshots/master/nightly/2025/7/31.yaml
  original: nightly-2025-07-31
